// !$*UTF8*$!
{
	archiveVersion = 1;
	classes = {
	};
	objectVersion = 50;
	objects = {

/* Begin PBXBuildFile section */
		9154ED7E21DB5E8600BA2C3C /* vImageProcessor.swift in Sources */ = {isa = PBXBuildFile; fileRef = 9154ED7C21DB5E8600BA2C3C /* vImageProcessor.swift */; };
		9154ED7F21DB5E8600BA2C3C /* ImageProcessor.swift in Sources */ = {isa = PBXBuildFile; fileRef = 9154ED7D21DB5E8600BA2C3C /* ImageProcessor.swift */; };
		91BC74EF21C57096001E6EC4 /* AppDelegate.swift in Sources */ = {isa = PBXBuildFile; fileRef = 91BC74EE21C57096001E6EC4 /* AppDelegate.swift */; };
		91BC74F121C57096001E6EC4 /* ViewController.swift in Sources */ = {isa = PBXBuildFile; fileRef = 91BC74F021C57096001E6EC4 /* ViewController.swift */; };
		91BC74F421C57096001E6EC4 /* Main.storyboard in Resources */ = {isa = PBXBuildFile; fileRef = 91BC74F221C57096001E6EC4 /* Main.storyboard */; };
		91BC74F621C5709C001E6EC4 /* Assets.xcassets in Resources */ = {isa = PBXBuildFile; fileRef = 91BC74F521C5709C001E6EC4 /* Assets.xcassets */; };
		91BC74F921C5709C001E6EC4 /* LaunchScreen.storyboard in Resources */ = {isa = PBXBuildFile; fileRef = 91BC74F721C5709C001E6EC4 /* LaunchScreen.storyboard */; };
		91BC750421C5709C001E6EC4 /* vImageTests.swift in Sources */ = {isa = PBXBuildFile; fileRef = 91BC750321C5709C001E6EC4 /* vImageTests.swift */; };
		91BC751D21C580DE001E6EC4 /* Capture.swift in Sources */ = {isa = PBXBuildFile; fileRef = 91BC751C21C580DE001E6EC4 /* Capture.swift */; };
		91CC6CED21C9360C00468491 /* vImageUITests.swift in Sources */ = {isa = PBXBuildFile; fileRef = 91BC750E21C5709C001E6EC4 /* vImageUITests.swift */; };
		91DF85D223E6A737006F7D6D /* ROI.swift in Sources */ = {isa = PBXBuildFile; fileRef = 91DF85D123E6A737006F7D6D /* ROI.swift */; };
		91DF85D423E6AD86006F7D6D /* vImage_ROI.swift in Sources */ = {isa = PBXBuildFile; fileRef = 91DF85D323E6AD86006F7D6D /* vImage_ROI.swift */; };
/* End PBXBuildFile section */

/* Begin PBXContainerItemProxy section */
		91BC750021C5709C001E6EC4 /* PBXContainerItemProxy */ = {
			isa = PBXContainerItemProxy;
			containerPortal = 91BC74E321C57095001E6EC4 /* Project object */;
			proxyType = 1;
			remoteGlobalIDString = 91BC74EA21C57096001E6EC4;
			remoteInfo = vImage;
		};
		91BC750B21C5709C001E6EC4 /* PBXContainerItemProxy */ = {
			isa = PBXContainerItemProxy;
			containerPortal = 91BC74E321C57095001E6EC4 /* Project object */;
			proxyType = 1;
			remoteGlobalIDString = 91BC74EA21C57096001E6EC4;
			remoteInfo = vImage;
		};
/* End PBXContainerItemProxy section */

/* Begin PBXFileReference section */
		9154ED7C21DB5E8600BA2C3C /* vImageProcessor.swift */ = {isa = PBXFileReference; fileEncoding = 4; lastKnownFileType = sourcecode.swift; path = vImageProcessor.swift; sourceTree = "<group>"; };
		9154ED7D21DB5E8600BA2C3C /* ImageProcessor.swift */ = {isa = PBXFileReference; fileEncoding = 4; lastKnownFileType = sourcecode.swift; path = ImageProcessor.swift; sourceTree = "<group>"; };
		91BC74EB21C57096001E6EC4 /* vImage.app */ = {isa = PBXFileReference; explicitFileType = wrapper.application; includeInIndex = 0; path = vImage.app; sourceTree = BUILT_PRODUCTS_DIR; };
		91BC74EE21C57096001E6EC4 /* AppDelegate.swift */ = {isa = PBXFileReference; lastKnownFileType = sourcecode.swift; path = AppDelegate.swift; sourceTree = "<group>"; };
		91BC74F021C57096001E6EC4 /* ViewController.swift */ = {isa = PBXFileReference; lastKnownFileType = sourcecode.swift; path = ViewController.swift; sourceTree = "<group>"; };
		91BC74F321C57096001E6EC4 /* Base */ = {isa = PBXFileReference; lastKnownFileType = file.storyboard; name = Base; path = Base.lproj/Main.storyboard; sourceTree = "<group>"; };
		91BC74F521C5709C001E6EC4 /* Assets.xcassets */ = {isa = PBXFileReference; lastKnownFileType = folder.assetcatalog; path = Assets.xcassets; sourceTree = "<group>"; };
		91BC74F821C5709C001E6EC4 /* Base */ = {isa = PBXFileReference; lastKnownFileType = file.storyboard; name = Base; path = Base.lproj/LaunchScreen.storyboard; sourceTree = "<group>"; };
		91BC74FA21C5709C001E6EC4 /* Info.plist */ = {isa = PBXFileReference; lastKnownFileType = text.plist.xml; path = Info.plist; sourceTree = "<group>"; };
		91BC74FF21C5709C001E6EC4 /* vImageTests.xctest */ = {isa = PBXFileReference; explicitFileType = wrapper.cfbundle; includeInIndex = 0; path = vImageTests.xctest; sourceTree = BUILT_PRODUCTS_DIR; };
		91BC750321C5709C001E6EC4 /* vImageTests.swift */ = {isa = PBXFileReference; lastKnownFileType = sourcecode.swift; path = vImageTests.swift; sourceTree = "<group>"; };
		91BC750521C5709C001E6EC4 /* Info.plist */ = {isa = PBXFileReference; lastKnownFileType = text.plist.xml; path = Info.plist; sourceTree = "<group>"; };
		91BC750A21C5709C001E6EC4 /* vImageUITests.xctest */ = {isa = PBXFileReference; explicitFileType = wrapper.cfbundle; includeInIndex = 0; path = vImageUITests.xctest; sourceTree = BUILT_PRODUCTS_DIR; };
		91BC750E21C5709C001E6EC4 /* vImageUITests.swift */ = {isa = PBXFileReference; lastKnownFileType = sourcecode.swift; path = vImageUITests.swift; sourceTree = "<group>"; };
		91BC751021C5709C001E6EC4 /* Info.plist */ = {isa = PBXFileReference; lastKnownFileType = text.plist.xml; path = Info.plist; sourceTree = "<group>"; };
		91BC751C21C580DE001E6EC4 /* Capture.swift */ = {isa = PBXFileReference; lastKnownFileType = sourcecode.swift; path = Capture.swift; sourceTree = "<group>"; };
		91BC756321C58524001E6EC4 /* vImage.xcconfig */ = {isa = PBXFileReference; lastKnownFileType = text.xcconfig; path = vImage.xcconfig; sourceTree = "<group>"; };
		91BC756421C5875E001E6EC4 /* module.modulemap */ = {isa = PBXFileReference; lastKnownFileType = "sourcecode.module-map"; path = module.modulemap; sourceTree = "<group>"; };
		91DF85D123E6A737006F7D6D /* ROI.swift */ = {isa = PBXFileReference; lastKnownFileType = sourcecode.swift; path = ROI.swift; sourceTree = "<group>"; };
		91DF85D323E6AD86006F7D6D /* vImage_ROI.swift */ = {isa = PBXFileReference; lastKnownFileType = sourcecode.swift; path = vImage_ROI.swift; sourceTree = "<group>"; };
/* End PBXFileReference section */

/* Begin PBXFrameworksBuildPhase section */
		91BC74E821C57096001E6EC4 /* Frameworks */ = {
			isa = PBXFrameworksBuildPhase;
			buildActionMask = 2147483647;
			files = (
			);
			runOnlyForDeploymentPostprocessing = 0;
		};
		91BC74FC21C5709C001E6EC4 /* Frameworks */ = {
			isa = PBXFrameworksBuildPhase;
			buildActionMask = 2147483647;
			files = (
			);
			runOnlyForDeploymentPostprocessing = 0;
		};
		91BC750721C5709C001E6EC4 /* Frameworks */ = {
			isa = PBXFrameworksBuildPhase;
			buildActionMask = 2147483647;
			files = (
			);
			runOnlyForDeploymentPostprocessing = 0;
		};
/* End PBXFrameworksBuildPhase section */

/* Begin PBXGroup section */
		91BC74E221C57095001E6EC4 = {
			isa = PBXGroup;
			children = (
				91BC74ED21C57096001E6EC4 /* vImage */,
				91BC750221C5709C001E6EC4 /* vImageTests */,
				91BC750D21C5709C001E6EC4 /* vImageUITests */,
				91BC74EC21C57096001E6EC4 /* Products */,
			);
			sourceTree = "<group>";
		};
		91BC74EC21C57096001E6EC4 /* Products */ = {
			isa = PBXGroup;
			children = (
				91BC74EB21C57096001E6EC4 /* vImage.app */,
				91BC74FF21C5709C001E6EC4 /* vImageTests.xctest */,
				91BC750A21C5709C001E6EC4 /* vImageUITests.xctest */,
			);
			name = Products;
			sourceTree = "<group>";
		};
		91BC74ED21C57096001E6EC4 /* vImage */ = {
			isa = PBXGroup;
			children = (
				91BC74EE21C57096001E6EC4 /* AppDelegate.swift */,
				91BC74F021C57096001E6EC4 /* ViewController.swift */,
				91DF85D323E6AD86006F7D6D /* vImage_ROI.swift */,
				91DF85D123E6A737006F7D6D /* ROI.swift */,
				9154ED7C21DB5E8600BA2C3C /* vImageProcessor.swift */,
				9154ED7D21DB5E8600BA2C3C /* ImageProcessor.swift */,
				91BC756421C5875E001E6EC4 /* module.modulemap */,
				91BC751C21C580DE001E6EC4 /* Capture.swift */,
				91BC74F221C57096001E6EC4 /* Main.storyboard */,
				91BC74F521C5709C001E6EC4 /* Assets.xcassets */,
				91BC756321C58524001E6EC4 /* vImage.xcconfig */,
				91BC74F721C5709C001E6EC4 /* LaunchScreen.storyboard */,
				91BC74FA21C5709C001E6EC4 /* Info.plist */,
			);
			path = vImage;
			sourceTree = "<group>";
		};
		91BC750221C5709C001E6EC4 /* vImageTests */ = {
			isa = PBXGroup;
			children = (
				91BC750321C5709C001E6EC4 /* vImageTests.swift */,
				91BC750521C5709C001E6EC4 /* Info.plist */,
				91BC750E21C5709C001E6EC4 /* vImageUITests.swift */,
			);
			path = vImageTests;
			sourceTree = "<group>";
		};
		91BC750D21C5709C001E6EC4 /* vImageUITests */ = {
			isa = PBXGroup;
			children = (
				91BC751021C5709C001E6EC4 /* Info.plist */,
			);
			path = vImageUITests;
			sourceTree = "<group>";
		};
/* End PBXGroup section */

/* Begin PBXNativeTarget section */
		91BC74EA21C57096001E6EC4 /* vImage */ = {
			isa = PBXNativeTarget;
			buildConfigurationList = 91BC751321C5709C001E6EC4 /* Build configuration list for PBXNativeTarget "vImage" */;
			buildPhases = (
				91BC74E721C57096001E6EC4 /* Sources */,
				91BC74E821C57096001E6EC4 /* Frameworks */,
				91BC74E921C57096001E6EC4 /* Resources */,
				91BB3CEE21C62EA400B2E92A /* ShellScript */,
			);
			buildRules = (
			);
			dependencies = (
			);
			name = vImage;
			productName = vImage;
			productReference = 91BC74EB21C57096001E6EC4 /* vImage.app */;
			productType = "com.apple.product-type.application";
		};
		91BC74FE21C5709C001E6EC4 /* vImageTests */ = {
			isa = PBXNativeTarget;
			buildConfigurationList = 91BC751621C5709C001E6EC4 /* Build configuration list for PBXNativeTarget "vImageTests" */;
			buildPhases = (
				91BC74FB21C5709C001E6EC4 /* Sources */,
				91BC74FC21C5709C001E6EC4 /* Frameworks */,
				91BC74FD21C5709C001E6EC4 /* Resources */,
			);
			buildRules = (
			);
			dependencies = (
				91BC750121C5709C001E6EC4 /* PBXTargetDependency */,
			);
			name = vImageTests;
			productName = vImageTests;
			productReference = 91BC74FF21C5709C001E6EC4 /* vImageTests.xctest */;
			productType = "com.apple.product-type.bundle.unit-test";
		};
		91BC750921C5709C001E6EC4 /* vImageUITests */ = {
			isa = PBXNativeTarget;
			buildConfigurationList = 91BC751921C5709C001E6EC4 /* Build configuration list for PBXNativeTarget "vImageUITests" */;
			buildPhases = (
				91BC750621C5709C001E6EC4 /* Sources */,
				91BC750721C5709C001E6EC4 /* Frameworks */,
				91BC750821C5709C001E6EC4 /* Resources */,
			);
			buildRules = (
			);
			dependencies = (
				91BC750C21C5709C001E6EC4 /* PBXTargetDependency */,
			);
			name = vImageUITests;
			productName = vImageUITests;
			productReference = 91BC750A21C5709C001E6EC4 /* vImageUITests.xctest */;
			productType = "com.apple.product-type.bundle.ui-testing";
		};
/* End PBXNativeTarget section */

/* Begin PBXProject section */
		91BC74E321C57095001E6EC4 /* Project object */ = {
			isa = PBXProject;
			attributes = {
				LastSwiftUpdateCheck = 1010;
				LastUpgradeCheck = 1010;
				ORGANIZATIONNAME = dumbass;
				TargetAttributes = {
					91BC74EA21C57096001E6EC4 = {
						CreatedOnToolsVersion = 10.1;
					};
					91BC74FE21C5709C001E6EC4 = {
						CreatedOnToolsVersion = 10.1;
						TestTargetID = 91BC74EA21C57096001E6EC4;
					};
					91BC750921C5709C001E6EC4 = {
						CreatedOnToolsVersion = 10.1;
						TestTargetID = 91BC74EA21C57096001E6EC4;
					};
				};
			};
			buildConfigurationList = 91BC74E621C57095001E6EC4 /* Build configuration list for PBXProject "vImage" */;
			compatibilityVersion = "Xcode 9.3";
			developmentRegion = en;
			hasScannedForEncodings = 0;
			knownRegions = (
				en,
				Base,
			);
			mainGroup = 91BC74E221C57095001E6EC4;
			productRefGroup = 91BC74EC21C57096001E6EC4 /* Products */;
			projectDirPath = "";
			projectRoot = "";
			targets = (
				91BC74EA21C57096001E6EC4 /* vImage */,
				91BC74FE21C5709C001E6EC4 /* vImageTests */,
				91BC750921C5709C001E6EC4 /* vImageUITests */,
			);
		};
/* End PBXProject section */

/* Begin PBXResourcesBuildPhase section */
		91BC74E921C57096001E6EC4 /* Resources */ = {
			isa = PBXResourcesBuildPhase;
			buildActionMask = 2147483647;
			files = (
				91BC74F921C5709C001E6EC4 /* LaunchScreen.storyboard in Resources */,
				91BC74F621C5709C001E6EC4 /* Assets.xcassets in Resources */,
				91BC74F421C57096001E6EC4 /* Main.storyboard in Resources */,
			);
			runOnlyForDeploymentPostprocessing = 0;
		};
		91BC74FD21C5709C001E6EC4 /* Resources */ = {
			isa = PBXResourcesBuildPhase;
			buildActionMask = 2147483647;
			files = (
			);
			runOnlyForDeploymentPostprocessing = 0;
		};
		91BC750821C5709C001E6EC4 /* Resources */ = {
			isa = PBXResourcesBuildPhase;
			buildActionMask = 2147483647;
			files = (
			);
			runOnlyForDeploymentPostprocessing = 0;
		};
/* End PBXResourcesBuildPhase section */

/* Begin PBXShellScriptBuildPhase section */
		91BB3CEE21C62EA400B2E92A /* ShellScript */ = {
			isa = PBXShellScriptBuildPhase;
			buildActionMask = 2147483647;
			files = (
			);
			inputFileListPaths = (
			);
			inputPaths = (
			);
			outputFileListPaths = (
			);
			outputPaths = (
			);
			runOnlyForDeploymentPostprocessing = 0;
			shellPath = /bin/sh;
			shellScript = "APP_PATH=\"${TARGET_BUILD_DIR}/${WRAPPER_NAME}\"\n\n# This script loops through the frameworks embedded in the application and\n# removes unused architectures.\nfind \"$APP_PATH\" -name '*.framework' -type d | while read -r FRAMEWORK\ndo\nFRAMEWORK_EXECUTABLE_NAME=$(defaults read \"$FRAMEWORK/Info.plist\" CFBundleExecutable)\nFRAMEWORK_EXECUTABLE_PATH=\"$FRAMEWORK/$FRAMEWORK_EXECUTABLE_NAME\"\necho \"Executable is $FRAMEWORK_EXECUTABLE_PATH\"\n\nEXTRACTED_ARCHS=()\n\nfor ARCH in $ARCHS\ndo\necho \"Extracting $ARCH from $FRAMEWORK_EXECUTABLE_NAME\"\nlipo -extract \"$ARCH\" \"$FRAMEWORK_EXECUTABLE_PATH\" -o \"$FRAMEWORK_EXECUTABLE_PATH-$ARCH\"\nEXTRACTED_ARCHS+=(\"$FRAMEWORK_EXECUTABLE_PATH-$ARCH\")\ndone\n\necho \"Merging extracted architectures: ${ARCHS}\"\nlipo -o \"$FRAMEWORK_EXECUTABLE_PATH-merged\" -create \"${EXTRACTED_ARCHS[@]}\"\nrm \"${EXTRACTED_ARCHS[@]}\"\n\necho \"Replacing original executable with thinned version\"\nrm \"$FRAMEWORK_EXECUTABLE_PATH\"\nmv \"$FRAMEWORK_EXECUTABLE_PATH-merged\" \"$FRAMEWORK_EXECUTABLE_PATH\"\n\ndone\n";
		};
/* End PBXShellScriptBuildPhase section */

/* Begin PBXSourcesBuildPhase section */
		91BC74E721C57096001E6EC4 /* Sources */ = {
			isa = PBXSourcesBuildPhase;
			buildActionMask = 2147483647;
			files = (
				91BC751D21C580DE001E6EC4 /* Capture.swift in Sources */,
				9154ED7F21DB5E8600BA2C3C /* ImageProcessor.swift in Sources */,
				91DF85D423E6AD86006F7D6D /* vImage_ROI.swift in Sources */,
				91DF85D223E6A737006F7D6D /* ROI.swift in Sources */,
				91BC74F121C57096001E6EC4 /* ViewController.swift in Sources */,
				9154ED7E21DB5E8600BA2C3C /* vImageProcessor.swift in Sources */,
				91BC74EF21C57096001E6EC4 /* AppDelegate.swift in Sources */,
			);
			runOnlyForDeploymentPostprocessing = 0;
		};
		91BC74FB21C5709C001E6EC4 /* Sources */ = {
			isa = PBXSourcesBuildPhase;
			buildActionMask = 2147483647;
			files = (
				91CC6CED21C9360C00468491 /* vImageUITests.swift in Sources */,
				91BC750421C5709C001E6EC4 /* vImageTests.swift in Sources */,
			);
			runOnlyForDeploymentPostprocessing = 0;
		};
		91BC750621C5709C001E6EC4 /* Sources */ = {
			isa = PBXSourcesBuildPhase;
			buildActionMask = 2147483647;
			files = (
			);
			runOnlyForDeploymentPostprocessing = 0;
		};
/* End PBXSourcesBuildPhase section */

/* Begin PBXTargetDependency section */
		91BC750121C5709C001E6EC4 /* PBXTargetDependency */ = {
			isa = PBXTargetDependency;
			target = 91BC74EA21C57096001E6EC4 /* vImage */;
			targetProxy = 91BC750021C5709C001E6EC4 /* PBXContainerItemProxy */;
		};
		91BC750C21C5709C001E6EC4 /* PBXTargetDependency */ = {
			isa = PBXTargetDependency;
			target = 91BC74EA21C57096001E6EC4 /* vImage */;
			targetProxy = 91BC750B21C5709C001E6EC4 /* PBXContainerItemProxy */;
		};
/* End PBXTargetDependency section */

/* Begin PBXVariantGroup section */
		91BC74F221C57096001E6EC4 /* Main.storyboard */ = {
			isa = PBXVariantGroup;
			children = (
				91BC74F321C57096001E6EC4 /* Base */,
			);
			name = Main.storyboard;
			sourceTree = "<group>";
		};
		91BC74F721C5709C001E6EC4 /* LaunchScreen.storyboard */ = {
			isa = PBXVariantGroup;
			children = (
				91BC74F821C5709C001E6EC4 /* Base */,
			);
			name = LaunchScreen.storyboard;
			sourceTree = "<group>";
		};
/* End PBXVariantGroup section */

/* Begin XCBuildConfiguration section */
		91BC751121C5709C001E6EC4 /* Debug */ = {
			isa = XCBuildConfiguration;
			baseConfigurationReference = 91BC756321C58524001E6EC4 /* vImage.xcconfig */;
			buildSettings = {
				ALWAYS_SEARCH_USER_PATHS = NO;
				CLANG_ANALYZER_NONNULL = YES;
				CLANG_ANALYZER_NUMBER_OBJECT_CONVERSION = YES_AGGRESSIVE;
				CLANG_CXX_LANGUAGE_STANDARD = "gnu++14";
				CLANG_CXX_LIBRARY = "libc++";
				CLANG_ENABLE_MODULES = YES;
				CLANG_ENABLE_OBJC_ARC = YES;
				CLANG_ENABLE_OBJC_WEAK = YES;
				CLANG_WARN_BLOCK_CAPTURE_AUTORELEASING = YES;
				CLANG_WARN_BOOL_CONVERSION = YES;
				CLANG_WARN_COMMA = YES;
				CLANG_WARN_CONSTANT_CONVERSION = YES;
				CLANG_WARN_DEPRECATED_OBJC_IMPLEMENTATIONS = YES;
				CLANG_WARN_DIRECT_OBJC_ISA_USAGE = YES_ERROR;
				CLANG_WARN_DOCUMENTATION_COMMENTS = YES;
				CLANG_WARN_EMPTY_BODY = YES;
				CLANG_WARN_ENUM_CONVERSION = YES;
				CLANG_WARN_INFINITE_RECURSION = YES;
				CLANG_WARN_INT_CONVERSION = YES;
				CLANG_WARN_NON_LITERAL_NULL_CONVERSION = YES;
				CLANG_WARN_OBJC_IMPLICIT_RETAIN_SELF = YES;
				CLANG_WARN_OBJC_LITERAL_CONVERSION = YES;
				CLANG_WARN_OBJC_ROOT_CLASS = YES_ERROR;
				CLANG_WARN_RANGE_LOOP_ANALYSIS = YES;
				CLANG_WARN_STRICT_PROTOTYPES = YES;
				CLANG_WARN_SUSPICIOUS_MOVE = YES;
				CLANG_WARN_UNGUARDED_AVAILABILITY = YES_AGGRESSIVE;
				CLANG_WARN_UNREACHABLE_CODE = YES;
				CLANG_WARN__DUPLICATE_METHOD_MATCH = YES;
				CODE_SIGN_IDENTITY = "iPhone Developer";
				COPY_PHASE_STRIP = NO;
				DEBUG_INFORMATION_FORMAT = dwarf;
				ENABLE_STRICT_OBJC_MSGSEND = YES;
				ENABLE_TESTABILITY = YES;
				GCC_C_LANGUAGE_STANDARD = gnu11;
				GCC_DYNAMIC_NO_PIC = NO;
				GCC_NO_COMMON_BLOCKS = YES;
				GCC_OPTIMIZATION_LEVEL = 0;
				GCC_PREPROCESSOR_DEFINITIONS = (
					"DEBUG=1",
					"$(inherited)",
				);
				GCC_WARN_64_TO_32_BIT_CONVERSION = YES;
				GCC_WARN_ABOUT_RETURN_TYPE = YES_ERROR;
				GCC_WARN_UNDECLARED_SELECTOR = YES;
				GCC_WARN_UNINITIALIZED_AUTOS = YES_AGGRESSIVE;
				GCC_WARN_UNUSED_FUNCTION = YES;
				GCC_WARN_UNUSED_VARIABLE = YES;
				IPHONEOS_DEPLOYMENT_TARGET = 12.1;
				MTL_ENABLE_DEBUG_INFO = INCLUDE_SOURCE;
				MTL_FAST_MATH = YES;
				ONLY_ACTIVE_ARCH = YES;
				SDKROOT = iphoneos;
				SWIFT_ACTIVE_COMPILATION_CONDITIONS = DEBUG;
				SWIFT_OPTIMIZATION_LEVEL = "-Onone";
			};
			name = Debug;
		};
		91BC751221C5709C001E6EC4 /* Release */ = {
			isa = XCBuildConfiguration;
			baseConfigurationReference = 91BC756321C58524001E6EC4 /* vImage.xcconfig */;
			buildSettings = {
				ALWAYS_SEARCH_USER_PATHS = NO;
				CLANG_ANALYZER_NONNULL = YES;
				CLANG_ANALYZER_NUMBER_OBJECT_CONVERSION = YES_AGGRESSIVE;
				CLANG_CXX_LANGUAGE_STANDARD = "gnu++14";
				CLANG_CXX_LIBRARY = "libc++";
				CLANG_ENABLE_MODULES = YES;
				CLANG_ENABLE_OBJC_ARC = YES;
				CLANG_ENABLE_OBJC_WEAK = YES;
				CLANG_WARN_BLOCK_CAPTURE_AUTORELEASING = YES;
				CLANG_WARN_BOOL_CONVERSION = YES;
				CLANG_WARN_COMMA = YES;
				CLANG_WARN_CONSTANT_CONVERSION = YES;
				CLANG_WARN_DEPRECATED_OBJC_IMPLEMENTATIONS = YES;
				CLANG_WARN_DIRECT_OBJC_ISA_USAGE = YES_ERROR;
				CLANG_WARN_DOCUMENTATION_COMMENTS = YES;
				CLANG_WARN_EMPTY_BODY = YES;
				CLANG_WARN_ENUM_CONVERSION = YES;
				CLANG_WARN_INFINITE_RECURSION = YES;
				CLANG_WARN_INT_CONVERSION = YES;
				CLANG_WARN_NON_LITERAL_NULL_CONVERSION = YES;
				CLANG_WARN_OBJC_IMPLICIT_RETAIN_SELF = YES;
				CLANG_WARN_OBJC_LITERAL_CONVERSION = YES;
				CLANG_WARN_OBJC_ROOT_CLASS = YES_ERROR;
				CLANG_WARN_RANGE_LOOP_ANALYSIS = YES;
				CLANG_WARN_STRICT_PROTOTYPES = YES;
				CLANG_WARN_SUSPICIOUS_MOVE = YES;
				CLANG_WARN_UNGUARDED_AVAILABILITY = YES_AGGRESSIVE;
				CLANG_WARN_UNREACHABLE_CODE = YES;
				CLANG_WARN__DUPLICATE_METHOD_MATCH = YES;
				CODE_SIGN_IDENTITY = "iPhone Developer";
				COPY_PHASE_STRIP = NO;
				DEBUG_INFORMATION_FORMAT = "dwarf-with-dsym";
				ENABLE_NS_ASSERTIONS = NO;
				ENABLE_STRICT_OBJC_MSGSEND = YES;
				GCC_C_LANGUAGE_STANDARD = gnu11;
				GCC_NO_COMMON_BLOCKS = YES;
				GCC_WARN_64_TO_32_BIT_CONVERSION = YES;
				GCC_WARN_ABOUT_RETURN_TYPE = YES_ERROR;
				GCC_WARN_UNDECLARED_SELECTOR = YES;
				GCC_WARN_UNINITIALIZED_AUTOS = YES_AGGRESSIVE;
				GCC_WARN_UNUSED_FUNCTION = YES;
				GCC_WARN_UNUSED_VARIABLE = YES;
				IPHONEOS_DEPLOYMENT_TARGET = 12.1;
				MTL_ENABLE_DEBUG_INFO = NO;
				MTL_FAST_MATH = YES;
				SDKROOT = iphoneos;
				SWIFT_COMPILATION_MODE = wholemodule;
				SWIFT_OPTIMIZATION_LEVEL = "-O";
				VALIDATE_PRODUCT = YES;
			};
			name = Release;
		};
		91BC751421C5709C001E6EC4 /* Debug */ = {
			isa = XCBuildConfiguration;
			buildSettings = {
				ASSETCATALOG_COMPILER_APPICON_NAME = AppIcon;
				CODE_SIGN_STYLE = Automatic;
				DEVELOPMENT_TEAM = YLN35J69BW;
				INFOPLIST_FILE = vImage/Info.plist;
				IPHONEOS_DEPLOYMENT_TARGET = 13.2;
				LD_RUNPATH_SEARCH_PATHS = (
					"$(inherited)",
					"@executable_path/Frameworks",
				);
				MACH_O_TYPE = mh_execute;
				PRODUCT_BUNDLE_IDENTIFIER = com.dumbass.vImage;
				PRODUCT_NAME = "$(TARGET_NAME)";
				SWIFT_VERSION = 4.2;
				TARGETED_DEVICE_FAMILY = "1,2";
			};
			name = Debug;
		};
		91BC751521C5709C001E6EC4 /* Release */ = {
			isa = XCBuildConfiguration;
			buildSettings = {
				ASSETCATALOG_COMPILER_APPICON_NAME = AppIcon;
				CODE_SIGN_STYLE = Automatic;
				DEVELOPMENT_TEAM = YLN35J69BW;
				INFOPLIST_FILE = vImage/Info.plist;
				IPHONEOS_DEPLOYMENT_TARGET = 13.2;
				LD_RUNPATH_SEARCH_PATHS = (
					"$(inherited)",
					"@executable_path/Frameworks",
				);
				MACH_O_TYPE = mh_execute;
				PRODUCT_BUNDLE_IDENTIFIER = com.dumbass.vImage;
				PRODUCT_NAME = "$(TARGET_NAME)";
				SWIFT_VERSION = 4.2;
				TARGETED_DEVICE_FAMILY = "1,2";
			};
			name = Release;
		};
		91BC751721C5709C001E6EC4 /* Debug */ = {
			isa = XCBuildConfiguration;
			buildSettings = {
				ALWAYS_EMBED_SWIFT_STANDARD_LIBRARIES = YES;
				BUNDLE_LOADER = "$(TEST_HOST)";
				CODE_SIGN_STYLE = Automatic;
				INFOPLIST_FILE = vImageTests/Info.plist;
				LD_RUNPATH_SEARCH_PATHS = (
					"$(inherited)",
					"@executable_path/Frameworks",
					"@loader_path/Frameworks",
				);
				PRODUCT_BUNDLE_IDENTIFIER = com.dumbass.vImageTests;
				PRODUCT_NAME = "$(TARGET_NAME)";
				SWIFT_VERSION = 4.2;
				TARGETED_DEVICE_FAMILY = "1,2";
				TEST_HOST = "$(BUILT_PRODUCTS_DIR)/vImage.app/vImage";
			};
			name = Debug;
		};
		91BC751821C5709C001E6EC4 /* Release */ = {
			isa = XCBuildConfiguration;
			buildSettings = {
				ALWAYS_EMBED_SWIFT_STANDARD_LIBRARIES = YES;
				BUNDLE_LOADER = "$(TEST_HOST)";
				CODE_SIGN_STYLE = Automatic;
				INFOPLIST_FILE = vImageTests/Info.plist;
				LD_RUNPATH_SEARCH_PATHS = (
					"$(inherited)",
					"@executable_path/Frameworks",
					"@loader_path/Frameworks",
				);
				PRODUCT_BUNDLE_IDENTIFIER = com.dumbass.vImageTests;
				PRODUCT_NAME = "$(TARGET_NAME)";
				SWIFT_VERSION = 4.2;
				TARGETED_DEVICE_FAMILY = "1,2";
				TEST_HOST = "$(BUILT_PRODUCTS_DIR)/vImage.app/vImage";
			};
			name = Release;
		};
		91BC751A21C5709C001E6EC4 /* Debug */ = {
			isa = XCBuildConfiguration;
			buildSettings = {
				ALWAYS_EMBED_SWIFT_STANDARD_LIBRARIES = YES;
				CODE_SIGN_STYLE = Automatic;
				INFOPLIST_FILE = vImageUITests/Info.plist;
				LD_RUNPATH_SEARCH_PATHS = (
					"$(inherited)",
					"@executable_path/Frameworks",
					"@loader_path/Frameworks",
				);
				PRODUCT_BUNDLE_IDENTIFIER = com.dumbass.vImageUITests;
				PRODUCT_NAME = "$(TARGET_NAME)";
				SWIFT_VERSION = 4.2;
				TARGETED_DEVICE_FAMILY = "1,2";
				TEST_TARGET_NAME = vImage;
			};
			name = Debug;
		};
		91BC751B21C5709C001E6EC4 /* Release */ = {
			isa = XCBuildConfiguration;
			buildSettings = {
				ALWAYS_EMBED_SWIFT_STANDARD_LIBRARIES = YES;
				CODE_SIGN_STYLE = Automatic;
				INFOPLIST_FILE = vImageUITests/Info.plist;
				LD_RUNPATH_SEARCH_PATHS = (
					"$(inherited)",
					"@executable_path/Frameworks",
					"@loader_path/Frameworks",
				);
				PRODUCT_BUNDLE_IDENTIFIER = com.dumbass.vImageUITests;
				PRODUCT_NAME = "$(TARGET_NAME)";
				SWIFT_VERSION = 4.2;
				TARGETED_DEVICE_FAMILY = "1,2";
				TEST_TARGET_NAME = vImage;
			};
			name = Release;
		};
/* End XCBuildConfiguration section */

/* Begin XCConfigurationList section */
		91BC74E621C57095001E6EC4 /* Build configuration list for PBXProject "vImage" */ = {
			isa = XCConfigurationList;
			buildConfigurations = (
				91BC751121C5709C001E6EC4 /* Debug */,
				91BC751221C5709C001E6EC4 /* Release */,
			);
			defaultConfigurationIsVisible = 0;
			defaultConfigurationName = Release;
		};
		91BC751321C5709C001E6EC4 /* Build configuration list for PBXNativeTarget "vImage" */ = {
			isa = XCConfigurationList;
			buildConfigurations = (
				91BC751421C5709C001E6EC4 /* Debug */,
				91BC751521C5709C001E6EC4 /* Release */,
			);
			defaultConfigurationIsVisible = 0;
			defaultConfigurationName = Release;
		};
		91BC751621C5709C001E6EC4 /* Build configuration list for PBXNativeTarget "vImageTests" */ = {
			isa = XCConfigurationList;
			buildConfigurations = (
				91BC751721C5709C001E6EC4 /* Debug */,
				91BC751821C5709C001E6EC4 /* Release */,
			);
			defaultConfigurationIsVisible = 0;
			defaultConfigurationName = Release;
		};
		91BC751921C5709C001E6EC4 /* Build configuration list for PBXNativeTarget "vImageUITests" */ = {
			isa = XCConfigurationList;
			buildConfigurations = (
				91BC751A21C5709C001E6EC4 /* Debug */,
				91BC751B21C5709C001E6EC4 /* Release */,
			);
			defaultConfigurationIsVisible = 0;
			defaultConfigurationName = Release;
		};
/* End XCConfigurationList section */
	};
	rootObject = 91BC74E321C57095001E6EC4 /* Project object */;
}
